<Solution>
  <Folder Name="/src/">
    <Project Path="src/EventFlow.Api/EventFlow.Api.csproj" />
    <Project Path="src/EventFlow.Application/EventFlow.Application.csproj" />
    <Project Path="src/EventFlow.Domain/EventFlow.Domain.csproj" />
    <Project Path="src/EventFlow.Infrastructure/EventFlow.Infrastructure.csproj" />
  </Folder>
</Solution>
